
Microsoft Visual Studio Solution File, Format Version 12.00
# Visual Studio 15
VisualStudioVersion = 15.0.28307.168
MinimumVisualStudioVersion = 10.0.40219.1
Project("{FAE04EC0-301F-11D3-BF4B-00C04F79EFBC}") = "SlideEntryDemo.Android", "SlideEntryDemo\SlideEntryDemo.Android\SlideEntryDemo.Android.csproj", "{86639367-C735-40A6-A18F-2E56B538ABD0}"
EndProject
Project("{FAE04EC0-301F-11D3-BF4B-00C04F79EFBC}") = "SlideEntryDemo.iOS", "SlideEntryDemo\SlideEntryDemo.iOS\SlideEntryDemo.iOS.csproj", "{DCBA6241-1300-4CC0-BB10-B130E7BB41E0}"
EndProject
Project("{FAE04EC0-301F-11D3-BF4B-00C04F79EFBC}") = "SlideEntryDemo", "SlideEntryDemo\SlideEntryDemo\SlideEntryDemo.csproj", "{E8886DB4-4BEB-4E79-9142-823D8BE3D838}"
EndProject
Global
	GlobalSection(SolutionConfigurationPlatforms) = preSolution
		Ad-Hoc|Any CPU = Ad-Hoc|Any CPU
		Ad-Hoc|iPhone = Ad-Hoc|iPhone
		Ad-Hoc|iPhoneSimulator = Ad-Hoc|iPhoneSimulator
		AppStore|Any CPU = AppStore|Any CPU
		AppStore|iPhone = AppStore|iPhone
		AppStore|iPhoneSimulator = AppStore|iPhoneSimulator
		Debug|Any CPU = Debug|Any CPU
		Debug|iPhone = Debug|iPhone
		Debug|iPhoneSimulator = Debug|iPhoneSimulator
		Release|Any CPU = Release|Any CPU
		Release|iPhone = Release|iPhone
		Release|iPhoneSimulator = Release|iPhoneSimulator
	EndGlobalSection
	GlobalSection(ProjectConfigurationPlatforms) = postSolution
		{86639367-C735-40A6-A18F-2E56B538ABD0}.Ad-Hoc|Any CPU.ActiveCfg = Release|Any CPU
		{86639367-C735-40A6-A18F-2E56B538ABD0}.Ad-Hoc|Any CPU.Build.0 = Release|Any CPU
		{86639367-C735-40A6-A18F-2E56B538ABD0}.Ad-Hoc|Any CPU.Deploy.0 = Release|Any CPU
		{86639367-C735-40A6-A18F-2E56B538ABD0}.Ad-Hoc|iPhone.ActiveCfg = Release|Any CPU
		{86639367-C735-40A6-A18F-2E56B538ABD0}.Ad-Hoc|iPhone.Build.0 = Release|Any CPU
		{86639367-C735-40A6-A18F-2E56B538ABD0}.Ad-Hoc|iPhone.Deploy.0 = Release|Any CPU
		{86639367-C735-40A6-A18F-2E56B538ABD0}.Ad-Hoc|iPhoneSimulator.ActiveCfg = Release|Any CPU
		{86639367-C735-40A6-A18F-2E56B538ABD0}.Ad-Hoc|iPhoneSimulator.Build.0 = Release|Any CPU
		{86639367-C735-40A6-A18F-2E56B538ABD0}.Ad-Hoc|iPhoneSimulator.Deploy.0 = Release|Any CPU
		{86639367-C735-40A6-A18F-2E56B538ABD0}.AppStore|Any CPU.ActiveCfg = Release|Any CPU
		{86639367-C735-40A6-A18F-2E56B538ABD0}.AppStore|Any CPU.Build.0 = Release|Any CPU
		{86639367-C735-40A6-A18F-2E56B538ABD0}.AppStore|Any CPU.Deploy.0 = Release|Any CPU
		{86639367-C735-40A6-A18F-2E56B538ABD0}.AppStore|iPhone.ActiveCfg = Release|Any CPU
		{86639367-C735-40A6-A18F-2E56B538ABD0}.AppStore|iPhone.Build.0 = Release|Any CPU
		{86639367-C735-40A6-A18F-2E56B538ABD0}.AppStore|iPhone.Deploy.0 = Release|Any CPU
		{86639367-C735-40A6-A18F-2E56B538ABD0}.AppStore|iPhoneSimulator.ActiveCfg = Release|Any CPU
		{86639367-C735-40A6-A18F-2E56B538ABD0}.AppStore|iPhoneSimulator.Build.0 = Release|Any CPU
		{86639367-C735-40A6-A18F-2E56B538ABD0}.AppStore|iPhoneSimulator.Deploy.0 = Release|Any CPU
		{86639367-C735-40A6-A18F-2E56B538ABD0}.Debug|Any CPU.ActiveCfg = Debug|Any CPU
		{86639367-C735-40A6-A18F-2E56B538ABD0}.Debug|Any CPU.Build.0 = Debug|Any CPU
		{86639367-C735-40A6-A18F-2E56B538ABD0}.Debug|Any CPU.Deploy.0 = Debug|Any CPU
		{86639367-C735-40A6-A18F-2E56B538ABD0}.Debug|iPhone.ActiveCfg = Debug|Any CPU
		{86639367-C735-40A6-A18F-2E56B538ABD0}.Debug|iPhone.Build.0 = Debug|Any CPU
		{86639367-C735-40A6-A18F-2E56B538ABD0}.Debug|iPhone.Deploy.0 = Debug|Any CPU
		{86639367-C735-40A6-A18F-2E56B538ABD0}.Debug|iPhoneSimulator.ActiveCfg = Debug|Any CPU
		{86639367-C735-40A6-A18F-2E56B538ABD0}.Debug|iPhoneSimulator.Build.0 = Debug|Any CPU
		{86639367-C735-40A6-A18F-2E56B538ABD0}.Debug|iPhoneSimulator.Deploy.0 = Debug|Any CPU
		{86639367-C735-40A6-A18F-2E56B538ABD0}.Release|Any CPU.ActiveCfg = Release|Any CPU
		{86639367-C735-40A6-A18F-2E56B538ABD0}.Release|Any CPU.Build.0 = Release|Any CPU
		{86639367-C735-40A6-A18F-2E56B538ABD0}.Release|Any CPU.Deploy.0 = Release|Any CPU
		{86639367-C735-40A6-A18F-2E56B538ABD0}.Release|iPhone.ActiveCfg = Release|Any CPU
		{86639367-C735-40A6-A18F-2E56B538ABD0}.Release|iPhone.Build.0 = Release|Any CPU
		{86639367-C735-40A6-A18F-2E56B538ABD0}.Release|iPhone.Deploy.0 = Release|Any CPU
		{86639367-C735-40A6-A18F-2E56B538ABD0}.Release|iPhoneSimulator.ActiveCfg = Release|Any CPU
		{86639367-C735-40A6-A18F-2E56B538ABD0}.Release|iPhoneSimulator.Build.0 = Release|Any CPU
		{86639367-C735-40A6-A18F-2E56B538ABD0}.Release|iPhoneSimulator.Deploy.0 = Release|Any CPU
		{DCBA6241-1300-4CC0-BB10-B130E7BB41E0}.Ad-Hoc|Any CPU.ActiveCfg = Ad-Hoc|iPhone
		{DCBA6241-1300-4CC0-BB10-B130E7BB41E0}.Ad-Hoc|Any CPU.Build.0 = Ad-Hoc|iPhone
		{DCBA6241-1300-4CC0-BB10-B130E7BB41E0}.Ad-Hoc|Any CPU.Deploy.0 = Ad-Hoc|iPhone
		{DCBA6241-1300-4CC0-BB10-B130E7BB41E0}.Ad-Hoc|iPhone.ActiveCfg = Ad-Hoc|iPhone
		{DCBA6241-1300-4CC0-BB10-B130E7BB41E0}.Ad-Hoc|iPhone.Build.0 = Ad-Hoc|iPhone
		{DCBA6241-1300-4CC0-BB10-B130E7BB41E0}.Ad-Hoc|iPhone.Deploy.0 = Ad-Hoc|iPhone
		{DCBA6241-1300-4CC0-BB10-B130E7BB41E0}.Ad-Hoc|iPhoneSimulator.ActiveCfg = Ad-Hoc|iPhoneSimulator
		{DCBA6241-1300-4CC0-BB10-B130E7BB41E0}.Ad-Hoc|iPhoneSimulator.Build.0 = Ad-Hoc|iPhoneSimulator
		{DCBA6241-1300-4CC0-BB10-B130E7BB41E0}.Ad-Hoc|iPhoneSimulator.Deploy.0 = Ad-Hoc|iPhoneSimulator
		{DCBA6241-1300-4CC0-BB10-B130E7BB41E0}.AppStore|Any CPU.ActiveCfg = AppStore|iPhone
		{DCBA6241-1300-4CC0-BB10-B130E7BB41E0}.AppStore|Any CPU.Build.0 = AppStore|iPhone
		{DCBA6241-1300-4CC0-BB10-B130E7BB41E0}.AppStore|Any CPU.Deploy.0 = AppStore|iPhone
		{DCBA6241-1300-4CC0-BB10-B130E7BB41E0}.AppStore|iPhone.ActiveCfg = AppStore|iPhone
		{DCBA6241-1300-4CC0-BB10-B130E7BB41E0}.AppStore|iPhone.Build.0 = AppStore|iPhone
		{DCBA6241-1300-4CC0-BB10-B130E7BB41E0}.AppStore|iPhone.Deploy.0 = AppStore|iPhone
		{DCBA6241-1300-4CC0-BB10-B130E7BB41E0}.AppStore|iPhoneSimulator.ActiveCfg = AppStore|iPhoneSimulator
		{DCBA6241-1300-4CC0-BB10-B130E7BB41E0}.AppStore|iPhoneSimulator.Build.0 = AppStore|iPhoneSimulator
		{DCBA6241-1300-4CC0-BB10-B130E7BB41E0}.AppStore|iPhoneSimulator.Deploy.0 = AppStore|iPhoneSimulator
		{DCBA6241-1300-4CC0-BB10-B130E7BB41E0}.Debug|Any CPU.ActiveCfg = Debug|iPhoneSimulator
		{DCBA6241-1300-4CC0-BB10-B130E7BB41E0}.Debug|Any CPU.Build.0 = Debug|iPhoneSimulator
		{DCBA6241-1300-4CC0-BB10-B130E7BB41E0}.Debug|Any CPU.Deploy.0 = Debug|iPhoneSimulator
		{DCBA6241-1300-4CC0-BB10-B130E7BB41E0}.Debug|iPhone.ActiveCfg = Debug|iPhone
		{DCBA6241-1300-4CC0-BB10-B130E7BB41E0}.Debug|iPhone.Build.0 = Debug|iPhone
		{DCBA6241-1300-4CC0-BB10-B130E7BB41E0}.Debug|iPhone.Deploy.0 = Debug|iPhone
		{DCBA6241-1300-4CC0-BB10-B130E7BB41E0}.Debug|iPhoneSimulator.ActiveCfg = Debug|iPhoneSimulator
		{DCBA6241-1300-4CC0-BB10-B130E7BB41E0}.Debug|iPhoneSimulator.Build.0 = Debug|iPhoneSimulator
		{DCBA6241-1300-4CC0-BB10-B130E7BB41E0}.Debug|iPhoneSimulator.Deploy.0 = Debug|iPhoneSimulator
		{DCBA6241-1300-4CC0-BB10-B130E7BB41E0}.Release|Any CPU.ActiveCfg = Release|iPhone
		{DCBA6241-1300-4CC0-BB10-B130E7BB41E0}.Release|Any CPU.Build.0 = Release|iPhone
		{DCBA6241-1300-4CC0-BB10-B130E7BB41E0}.Release|Any CPU.Deploy.0 = Release|iPhone
		{DCBA6241-1300-4CC0-BB10-B130E7BB41E0}.Release|iPhone.ActiveCfg = Release|iPhone
		{DCBA6241-1300-4CC0-BB10-B130E7BB41E0}.Release|iPhone.Build.0 = Release|iPhone
		{DCBA6241-1300-4CC0-BB10-B130E7BB41E0}.Release|iPhone.Deploy.0 = Release|iPhone
		{DCBA6241-1300-4CC0-BB10-B130E7BB41E0}.Release|iPhoneSimulator.ActiveCfg = Release|iPhoneSimulator
		{DCBA6241-1300-4CC0-BB10-B130E7BB41E0}.Release|iPhoneSimulator.Build.0 = Release|iPhoneSimulator
		{DCBA6241-1300-4CC0-BB10-B130E7BB41E0}.Release|iPhoneSimulator.Deploy.0 = Release|iPhoneSimulator
		{E8886DB4-4BEB-4E79-9142-823D8BE3D838}.Ad-Hoc|Any CPU.ActiveCfg = Debug|Any CPU
		{E8886DB4-4BEB-4E79-9142-823D8BE3D838}.Ad-Hoc|Any CPU.Build.0 = Debug|Any CPU
		{E8886DB4-4BEB-4E79-9142-823D8BE3D838}.Ad-Hoc|Any CPU.Deploy.0 = Debug|Any CPU
		{E8886DB4-4BEB-4E79-9142-823D8BE3D838}.Ad-Hoc|iPhone.ActiveCfg = Debug|Any CPU
		{E8886DB4-4BEB-4E79-9142-823D8BE3D838}.Ad-Hoc|iPhone.Build.0 = Debug|Any CPU
		{E8886DB4-4BEB-4E79-9142-823D8BE3D838}.Ad-Hoc|iPhone.Deploy.0 = Debug|Any CPU
		{E8886DB4-4BEB-4E79-9142-823D8BE3D838}.Ad-Hoc|iPhoneSimulator.ActiveCfg = Debug|Any CPU
		{E8886DB4-4BEB-4E79-9142-823D8BE3D838}.Ad-Hoc|iPhoneSimulator.Build.0 = Debug|Any CPU
		{E8886DB4-4BEB-4E79-9142-823D8BE3D838}.Ad-Hoc|iPhoneSimulator.Deploy.0 = Debug|Any CPU
		{E8886DB4-4BEB-4E79-9142-823D8BE3D838}.AppStore|Any CPU.ActiveCfg = Debug|Any CPU
		{E8886DB4-4BEB-4E79-9142-823D8BE3D838}.AppStore|Any CPU.Build.0 = Debug|Any CPU
		{E8886DB4-4BEB-4E79-9142-823D8BE3D838}.AppStore|Any CPU.Deploy.0 = Debug|Any CPU
		{E8886DB4-4BEB-4E79-9142-823D8BE3D838}.AppStore|iPhone.ActiveCfg = Debug|Any CPU
		{E8886DB4-4BEB-4E79-9142-823D8BE3D838}.AppStore|iPhone.Build.0 = Debug|Any CPU
		{E8886DB4-4BEB-4E79-9142-823D8BE3D838}.AppStore|iPhone.Deploy.0 = Debug|Any CPU
		{E8886DB4-4BEB-4E79-9142-823D8BE3D838}.AppStore|iPhoneSimulator.ActiveCfg = Debug|Any CPU
		{E8886DB4-4BEB-4E79-9142-823D8BE3D838}.AppStore|iPhoneSimulator.Build.0 = Debug|Any CPU
		{E8886DB4-4BEB-4E79-9142-823D8BE3D838}.AppStore|iPhoneSimulator.Deploy.0 = Debug|Any CPU
		{E8886DB4-4BEB-4E79-9142-823D8BE3D838}.Debug|Any CPU.ActiveCfg = Debug|Any CPU
		{E8886DB4-4BEB-4E79-9142-823D8BE3D838}.Debug|Any CPU.Build.0 = Debug|Any CPU
		{E8886DB4-4BEB-4E79-9142-823D8BE3D838}.Debug|Any CPU.Deploy.0 = Debug|Any CPU
		{E8886DB4-4BEB-4E79-9142-823D8BE3D838}.Debug|iPhone.ActiveCfg = Debug|Any CPU
		{E8886DB4-4BEB-4E79-9142-823D8BE3D838}.Debug|iPhone.Build.0 = Debug|Any CPU
		{E8886DB4-4BEB-4E79-9142-823D8BE3D838}.Debug|iPhone.Deploy.0 = Debug|Any CPU
		{E8886DB4-4BEB-4E79-9142-823D8BE3D838}.Debug|iPhoneSimulator.ActiveCfg = Debug|Any CPU
		{E8886DB4-4BEB-4E79-9142-823D8BE3D838}.Debug|iPhoneSimulator.Build.0 = Debug|Any CPU
		{E8886DB4-4BEB-4E79-9142-823D8BE3D838}.Debug|iPhoneSimulator.Deploy.0 = Debug|Any CPU
		{E8886DB4-4BEB-4E79-9142-823D8BE3D838}.Release|Any CPU.ActiveCfg = Release|Any CPU
		{E8886DB4-4BEB-4E79-9142-823D8BE3D838}.Release|Any CPU.Build.0 = Release|Any CPU
		{E8886DB4-4BEB-4E79-9142-823D8BE3D838}.Release|Any CPU.Deploy.0 = Release|Any CPU
		{E8886DB4-4BEB-4E79-9142-823D8BE3D838}.Release|iPhone.ActiveCfg = Release|Any CPU
		{E8886DB4-4BEB-4E79-9142-823D8BE3D838}.Release|iPhone.Build.0 = Release|Any CPU
		{E8886DB4-4BEB-4E79-9142-823D8BE3D838}.Release|iPhone.Deploy.0 = Release|Any CPU
		{E8886DB4-4BEB-4E79-9142-823D8BE3D838}.Release|iPhoneSimulator.ActiveCfg = Release|Any CPU
		{E8886DB4-4BEB-4E79-9142-823D8BE3D838}.Release|iPhoneSimulator.Build.0 = Release|Any CPU
		{E8886DB4-4BEB-4E79-9142-823D8BE3D838}.Release|iPhoneSimulator.Deploy.0 = Release|Any CPU
	EndGlobalSection
	GlobalSection(SolutionProperties) = preSolution
		HideSolutionNode = FALSE
	EndGlobalSection
	GlobalSection(ExtensibilityGlobals) = postSolution
		SolutionGuid = {D935F10B-C1BC-446F-AB8E-90C12D0FC2F0}
	EndGlobalSection
EndGlobal
